# THIS IS AN AUTOGENERATED FILE. DO NOT EDIT THIS FILE DIRECTLY.
# yarn lockfile v1


"@trpc/server@^10.29.1":
  version "10.29.1"
  resolved "https://registry.yarnpkg.com/@trpc/server/-/server-10.29.1.tgz#9113ae61faac415aa8d8425dd0fccc91c649b3a4"
  integrity sha512-kNXgMh5ya+awuz2tB4eIyVrRs7nVtqGXwSGabzH3l5ZLWz7rbKJquOJ7h6bjvIfWUpaFG62HJNWxxGUtXCRgRw==

"@types/node@^18.16.16":
  version "18.16.16"
  resolved "https://registry.yarnpkg.com/@types/node/-/node-18.16.16.tgz#3b64862856c7874ccf7439e6bab872d245c86d8e"
  integrity sha512-NpaM49IGQQAUlBhHMF82QH80J08os4ZmyF9MkpCzWAGuOHqE4gTEbhzd7L3l5LmWuZ6E0OiC1FweQ4tsiW35+g==

zod@^3.0.0:
  version "3.21.4"
  resolved "https://registry.yarnpkg.com/zod/-/zod-3.21.4.tgz#10882231d992519f0a10b5dd58a38c9dabbb64db"
  integrity sha512-m46AKbrzKVzOzs/DZgVnG5H55N1sv1M8qZU3A8RIKbs3mrACDNeIOeilDymVb2HdmP8uwshOCF4uJ8uM9rCqJw==
